
Microsoft Visual Studio Solution File, Format Version 12.00
# Visual Studio Version 17
VisualStudioVersion = 17.3.32922.545
MinimumVisualStudioVersion = 10.0.40219.1
Project("{FAE04EC0-301F-11D3-BF4B-00C04F79EFBC}") = "TrabalhoPaises", "TrabalhoPaises\TrabalhoPaises.csproj", "{122BB4F9-5956-4D65-8FAC-63BEE29376A5}"
EndProject
Global
	GlobalSection(SolutionConfigurationPlatforms) = preSolution
		Debug|Any CPU = Debug|Any CPU
		Release|Any CPU = Release|Any CPU
	EndGlobalSection
	GlobalSection(ProjectConfigurationPlatforms) = postSolution
		{122BB4F9-5956-4D65-8FAC-63BEE29376A5}.Debug|Any CPU.ActiveCfg = Debug|Any CPU
		{122BB4F9-5956-4D65-8FAC-63BEE29376A5}.Debug|Any CPU.Build.0 = Debug|Any CPU
		{122BB4F9-5956-4D65-8FAC-63BEE29376A5}.Release|Any CPU.ActiveCfg = Release|Any CPU
		{122BB4F9-5956-4D65-8FAC-63BEE29376A5}.Release|Any CPU.Build.0 = Release|Any CPU
	EndGlobalSection
	GlobalSection(SolutionProperties) = preSolution
		HideSolutionNode = FALSE
	EndGlobalSection
	GlobalSection(ExtensibilityGlobals) = postSolution
		SolutionGuid = {96FF4939-AE12-4858-A25E-E234F5C315E7}
	EndGlobalSection
EndGlobal
